
Microsoft Visual Studio Solution File, Format Version 12.00
# Visual Studio Version 16
VisualStudioVersion = 16.0.33214.272
MinimumVisualStudioVersion = 10.0.40219.1
Project("{FAE04EC0-301F-11D3-BF4B-00C04F79EFBC}") = "UnitySnippetsVS", "UnitySnippetsVS\UnitySnippetsVS.csproj", "{6F3D6045-07AB-4722-89AF-3C48140A431D}"
EndProject
Global
	GlobalSection(SolutionConfigurationPlatforms) = preSolution
		Debug|Any CPU = Debug|Any CPU
		Release|Any CPU = Release|Any CPU
	EndGlobalSection
	GlobalSection(ProjectConfigurationPlatforms) = postSolution
		{6F3D6045-07AB-4722-89AF-3C48140A431D}.Debug|Any CPU.ActiveCfg = Debug|Any CPU
		{6F3D6045-07AB-4722-89AF-3C48140A431D}.Debug|Any CPU.Build.0 = Debug|Any CPU
		{6F3D6045-07AB-4722-89AF-3C48140A431D}.Release|Any CPU.ActiveCfg = Release|Any CPU
		{6F3D6045-07AB-4722-89AF-3C48140A431D}.Release|Any CPU.Build.0 = Release|Any CPU
	EndGlobalSection
	GlobalSection(SolutionProperties) = preSolution
		HideSolutionNode = FALSE
	EndGlobalSection
	GlobalSection(ExtensibilityGlobals) = postSolution
		SolutionGuid = {A5A6D17C-4996-421E-8BD7-D8D54F0E7481}
	EndGlobalSection
EndGlobal
